# Bundled dictionary source acquisition lock (2026-08-08)

[cc-cedict]
url=https://www.mdbg.net/chinese/export/cedict/cedict_1_0_ts_utf-8_mdbg.txt.gz
upstream_version=1.0
upstream_date=2026-08-07T08:04:28Z
sha256=d722c784cab3b3b346d09672aab46533f95e0e0c163d6040854ef76ca8e9504a
license=CC-BY-SA-4.0

[jieba]
url=https://github.com/fxsjy/jieba
commit=67fa2e36e72f69d9134b8a1037b83fbb070b9775
dict_sha256=7197c3211ddd98962b036cdf40324d1ea2bfaa12bd028e68faa70111a88e12a8
license=MIT

[rime-ice]
url=https://github.com/iDvel/rime-ice
commit=569ff3bc65dd4aec0a26b33c49c8bbdfa8b5fd57
base_sha256=0f21c76937ac42973dba4d8d26cfb80f03e0da0069af01ad2496fc5cfc9bb36d
ext_sha256=c800e7a52d60050ebdfcad7f309fc3c941a1e6f721e36e3c797bec6316e886c1
others_sha256=6a6b1a77d94c7cdf9203cf426e67f350215d2d73259fe3769c97d2a18f521c28
8105_sha256=ea30c3a7e37fd516fa0f894b33bfd7b8e855f14ae263ba84db763fed633c2d32
license=GPL-3.0

[fcitx5-pinyin-zhwiki]
url=https://github.com/felixonmars/fcitx5-pinyin-zhwiki
commit=cb1073ce2042ab431c872da7699d62ed8b857cff
artifact=zhwiki-20260416.dict.yaml
artifact_sha256=5c140e462f9c00a119500b7fec0d3b927f0f83920001a7ea408e26748d09ea07
license=Unlicense-and-Wikimedia-terms

[jinghang-dictionary]
url=https://github.com/kkhkl/Jinghang-Dictionary
commit=4ee6f087f33ef5e6cede360277930e296881f11e
license=Jinghang-custom-2025-2026.5

[renfei-dict]
url=https://github.com/renfei/dict
commit=f85efb9ffc788c7d79112448aed11b2225b3e0ac
license=MIT

[thuocl]
url=https://github.com/thunlp/THUOCL
commit=a30ce79d895d01ab5132a5c74c29703ff7efb4cc
license=MIT
categories=IT,animal,caijing,car,chengyu,diming,food,law,lishimingren,medical,poem
rows=157173

[nlp-chinese-corpus]
url=https://github.com/brightmart/nlp_chinese_corpus
commit=5dc872154777d24c897f957f1ec848fc7fd59aa9
doi=10.5281/zenodo.3402023
license=MIT-repository-and-original-content-source-terms
datasets=wiki2019zh,news2016zh,baike2018qa,webtext2019zh,translation2019zh
transformation=streamed-Chinese-text-to-normalized-trigram-frequency-model
wiki2019zh_sha256=e73ab36154f48bb5eb183f05c236221314a45469ab2ec26b7db0ee7c0c3db21e
news2016zh_sample_sha256=9764b7b3203bfa9ddde5854cb6fd9cc94fe89a627568a83a54fa6f9684d26564
baike2018qa_sample_sha256=fb414b435f5874e3362afc71e48b73ffdf8a65726f894b381527c66ac76ccafa
webtext2019zh_sample_sha256=da48defd9c1d4b98d33c55f635cfb6f2ff5ad7156432cbbd7ed7191dadeb9450
translation2019zh_sha256=80bfcb35c8ae3137fd4e93f92c81f58c433d9864801d0082ee58dd3bcedf8b0f

# Present in build/sources for future integration, but excluded from the bundled database until
# upstream grants an explicit redistribution license, as required by docs/DICTIONARY_PIPELINE.md.
[custom-pinyin-dictionary-unbundled]
url=https://github.com/wuhgit/CustomPinyinDictionary
commit=0673212e83c9db1fef24fdf950b22c994bf27e9c
license=NOASSERTION
bundled=false

[skrik2-lexicon-unbundled]
url=https://github.com/skrik2/lexicon
commit=3ed738ab8e0db9f659de782f65c060d9d5199bdb
license=NOASSERTION
bundled=false

[peter-jxl-thesaurus-unbundled]
url=https://github.com/Peter-JXL/thesaurus
commit=92f751cb6f2219e78c1535ad6c4c0b215f047b51
license=NOASSERTION
bundled=false
