// !$*UTF8*$!
{
	archiveVersion = 1;
	classes = {
	};
	objectVersion = 77;
	objects = {

/* Begin PBXBuildFile section */
		A10000010000000000000001 /* IMEKit in Frameworks */ = {isa = PBXBuildFile; productRef = A10000040000000000000001 /* IMEKit */; };
/* End PBXBuildFile section */

/* Begin PBXContainerItemProxy section */
		93EC173B30269D38009617AB /* PBXContainerItemProxy */ = {
			isa = PBXContainerItemProxy;
			containerPortal = 93EC172330269D37009617AB /* Project object */;
			proxyType = 1;
			remoteGlobalIDString = 93EC172A30269D37009617AB;
			remoteInfo = MyIME;
		};
		93EC174530269D38009617AB /* PBXContainerItemProxy */ = {
			isa = PBXContainerItemProxy;
			containerPortal = 93EC172330269D37009617AB /* Project object */;
			proxyType = 1;
			remoteGlobalIDString = 93EC172A30269D37009617AB;
			remoteInfo = MyIME;
		};
/* End PBXContainerItemProxy section */

/* Begin PBXFileReference section */
		93EC172B30269D37009617AB /* MyIME.app */ = {isa = PBXFileReference; explicitFileType = wrapper.application; includeInIndex = 0; path = MyIME.app; sourceTree = BUILT_PRODUCTS_DIR; };
		93EC173A30269D38009617AB /* MyIMETests.xctest */ = {isa = PBXFileReference; explicitFileType = wrapper.cfbundle; includeInIndex = 0; path = MyIMETests.xctest; sourceTree = BUILT_PRODUCTS_DIR; };
		93EC174430269D38009617AB /* MyIMEUITests.xctest */ = {isa = PBXFileReference; explicitFileType = wrapper.cfbundle; includeInIndex = 0; path = MyIMEUITests.xctest; sourceTree = BUILT_PRODUCTS_DIR; };
		A10000020000000000000001 /* IMEKit */ = {isa = PBXFileReference; lastKnownFileType = wrapper; path = IMEKit; sourceTree = "<group>"; };
/* End PBXFileReference section */

/* Begin PBXFileSystemSynchronizedBuildFileExceptionSet section */
		A10000050000000000000001 /* Exceptions for "MyIME" folder in "MyIME" target */ = {
			isa = PBXFileSystemSynchronizedBuildFileExceptionSet;
			membershipExceptions = (
				Resources/Info.plist,
			);
			target = 93EC172A30269D37009617AB /* MyIME */;
		};
/* End PBXFileSystemSynchronizedBuildFileExceptionSet section */

/* Begin PBXFileSystemSynchronizedRootGroup section */
		93EC172D30269D37009617AB /* MyIME */ = {
			isa = PBXFileSystemSynchronizedRootGroup;
			exceptions = (
				A10000050000000000000001 /* Exceptions for "MyIME" folder in "MyIME" target */,
			);
			path = MyIME;
			sourceTree = "<group>";
		};
		93EC173D30269D38009617AB /* MyIMETests */ = {
			isa = PBXFileSystemSynchronizedRootGroup;
			path = MyIMETests;
			sourceTree = "<group>";
		};
		93EC174730269D38009617AB /* MyIMEUITests */ = {
			isa = PBXFileSystemSynchronizedRootGroup;
			path = MyIMEUITests;
			sourceTree = "<group>";
		};
/* End PBXFileSystemSynchronizedRootGroup section */

/* Begin PBXFrameworksBuildPhase section */
		93EC172830269D37009617AB /* Frameworks */ = {
			isa = PBXFrameworksBuildPhase;
			buildActionMask = 2147483647;
			files = (
				A10000010000000000000001 /* IMEKit in Frameworks */,
			);
			runOnlyForDeploymentPostprocessing = 0;
		};
		93EC173730269D38009617AB /* Frameworks */ = {
			isa = PBXFrameworksBuildPhase;
			buildActionMask = 2147483647;
			files = (
			);
			runOnlyForDeploymentPostprocessing = 0;
		};
		93EC174130269D38009617AB /* Frameworks */ = {
			isa = PBXFrameworksBuildPhase;
			buildActionMask = 2147483647;
			files = (
			);
			runOnlyForDeploymentPostprocessing = 0;
		};
/* End PBXFrameworksBuildPhase section */

/* Begin PBXGroup section */
		93EC172230269D37009617AB = {
			isa = PBXGroup;
			children = (
				A10000020000000000000001 /* IMEKit */,
				93EC172D30269D37009617AB /* MyIME */,
				93EC173D30269D38009617AB /* MyIMETests */,
				93EC174730269D38009617AB /* MyIMEUITests */,
				93EC172C30269D37009617AB /* Products */,
			);
			sourceTree = "<group>";
		};
		93EC172C30269D37009617AB /* Products */ = {
			isa = PBXGroup;
			children = (
				93EC172B30269D37009617AB /* MyIME.app */,
				93EC173A30269D38009617AB /* MyIMETests.xctest */,
				93EC174430269D38009617AB /* MyIMEUITests.xctest */,
			);
			name = Products;
			sourceTree = "<group>";
		};
/* End PBXGroup section */

/* Begin PBXNativeTarget section */
		93EC172A30269D37009617AB /* MyIME */ = {
			isa = PBXNativeTarget;
			buildConfigurationList = 93EC174E30269D38009617AB /* Build configuration list for PBXNativeTarget "MyIME" */;
			buildPhases = (
				93EC172730269D37009617AB /* Sources */,
				93EC172830269D37009617AB /* Frameworks */,
				93EC172930269D37009617AB /* Resources */,
			);
			buildRules = (
			);
			dependencies = (
			);
			fileSystemSynchronizedGroups = (
				93EC172D30269D37009617AB /* MyIME */,
			);
			name = MyIME;
			packageProductDependencies = (
				A10000040000000000000001 /* IMEKit */,
			);
			productName = MyIME;
			productReference = 93EC172B30269D37009617AB /* MyIME.app */;
			productType = "com.apple.product-type.application";
		};
		93EC173930269D38009617AB /* MyIMETests */ = {
			isa = PBXNativeTarget;
			buildConfigurationList = 93EC175130269D38009617AB /* Build configuration list for PBXNativeTarget "MyIMETests" */;
			buildPhases = (
				93EC173630269D38009617AB /* Sources */,
				93EC173730269D38009617AB /* Frameworks */,
				93EC173830269D38009617AB /* Resources */,
			);
			buildRules = (
			);
			dependencies = (
				93EC173C30269D38009617AB /* PBXTargetDependency */,
			);
			fileSystemSynchronizedGroups = (
				93EC173D30269D38009617AB /* MyIMETests */,
			);
			name = MyIMETests;
			packageProductDependencies = (
			);
			productName = MyIMETests;
			productReference = 93EC173A30269D38009617AB /* MyIMETests.xctest */;
			productType = "com.apple.product-type.bundle.unit-test";
		};
		93EC174330269D38009617AB /* MyIMEUITests */ = {
			isa = PBXNativeTarget;
			buildConfigurationList = 93EC175430269D38009617AB /* Build configuration list for PBXNativeTarget "MyIMEUITests" */;
			buildPhases = (
				93EC174030269D38009617AB /* Sources */,
				93EC174130269D38009617AB /* Frameworks */,
				93EC174230269D38009617AB /* Resources */,
			);
			buildRules = (
			);
			dependencies = (
				93EC174630269D38009617AB /* PBXTargetDependency */,
			);
			fileSystemSynchronizedGroups = (
				93EC174730269D38009617AB /* MyIMEUITests */,
			);
			name = MyIMEUITests;
			packageProductDependencies = (
			);
			productName = MyIMEUITests;
			productReference = 93EC174430269D38009617AB /* MyIMEUITests.xctest */;
			productType = "com.apple.product-type.bundle.ui-testing";
		};
/* End PBXNativeTarget section */

/* Begin PBXProject section */
		93EC172330269D37009617AB /* Project object */ = {
			isa = PBXProject;
			attributes = {
				BuildIndependentTargetsInParallel = 1;
				LastSwiftUpdateCheck = 2660;
				LastUpgradeCheck = 2660;
				TargetAttributes = {
					93EC172A30269D37009617AB = {
						CreatedOnToolsVersion = 26.6;
					};
					93EC173930269D38009617AB = {
						CreatedOnToolsVersion = 26.6;
						TestTargetID = 93EC172A30269D37009617AB;
					};
					93EC174330269D38009617AB = {
						CreatedOnToolsVersion = 26.6;
						TestTargetID = 93EC172A30269D37009617AB;
					};
				};
			};
			buildConfigurationList = 93EC172630269D37009617AB /* Build configuration list for PBXProject "MyIME" */;
			developmentRegion = en;
			hasScannedForEncodings = 0;
			knownRegions = (
				en,
				Base,
				"zh-Hans",
			);
			mainGroup = 93EC172230269D37009617AB;
			minimizedProjectReferenceProxies = 1;
			packageReferences = (
				A10000030000000000000001 /* XCLocalSwiftPackageReference "IMEKit" */,
			);
			preferredProjectObjectVersion = 77;
			productRefGroup = 93EC172C30269D37009617AB /* Products */;
			projectDirPath = "";
			projectRoot = "";
			targets = (
				93EC172A30269D37009617AB /* MyIME */,
				93EC173930269D38009617AB /* MyIMETests */,
				93EC174330269D38009617AB /* MyIMEUITests */,
			);
		};
/* End PBXProject section */

/* Begin PBXResourcesBuildPhase section */
		93EC172930269D37009617AB /* Resources */ = {
			isa = PBXResourcesBuildPhase;
			buildActionMask = 2147483647;
			files = (
			);
			runOnlyForDeploymentPostprocessing = 0;
		};
		93EC173830269D38009617AB /* Resources */ = {
			isa = PBXResourcesBuildPhase;
			buildActionMask = 2147483647;
			files = (
			);
			runOnlyForDeploymentPostprocessing = 0;
		};
		93EC174230269D38009617AB /* Resources */ = {
			isa = PBXResourcesBuildPhase;
			buildActionMask = 2147483647;
			files = (
			);
			runOnlyForDeploymentPostprocessing = 0;
		};
/* End PBXResourcesBuildPhase section */

/* Begin PBXSourcesBuildPhase section */
		93EC172730269D37009617AB /* Sources */ = {
			isa = PBXSourcesBuildPhase;
			buildActionMask = 2147483647;
			files = (
			);
			runOnlyForDeploymentPostprocessing = 0;
		};
		93EC173630269D38009617AB /* Sources */ = {
			isa = PBXSourcesBuildPhase;
			buildActionMask = 2147483647;
			files = (
			);
			runOnlyForDeploymentPostprocessing = 0;
		};
		93EC174030269D38009617AB /* Sources */ = {
			isa = PBXSourcesBuildPhase;
			buildActionMask = 2147483647;
			files = (
			);
			runOnlyForDeploymentPostprocessing = 0;
		};
/* End PBXSourcesBuildPhase section */

/* Begin PBXTargetDependency section */
		93EC173C30269D38009617AB /* PBXTargetDependency */ = {
			isa = PBXTargetDependency;
			target = 93EC172A30269D37009617AB /* MyIME */;
			targetProxy = 93EC173B30269D38009617AB /* PBXContainerItemProxy */;
		};
		93EC174630269D38009617AB /* PBXTargetDependency */ = {
			isa = PBXTargetDependency;
			target = 93EC172A30269D37009617AB /* MyIME */;
			targetProxy = 93EC174530269D38009617AB /* PBXContainerItemProxy */;
		};
/* End PBXTargetDependency section */

/* Begin XCBuildConfiguration section */
		93EC174C30269D38009617AB /* Debug */ = {
			isa = XCBuildConfiguration;
			buildSettings = {
				ALWAYS_SEARCH_USER_PATHS = NO;
				ASSETCATALOG_COMPILER_GENERATE_SWIFT_ASSET_SYMBOL_EXTENSIONS = YES;
				CLANG_ANALYZER_NONNULL = YES;
				CLANG_ANALYZER_NUMBER_OBJECT_CONVERSION = YES_AGGRESSIVE;
				CLANG_CXX_LANGUAGE_STANDARD = "gnu++20";
				CLANG_ENABLE_MODULES = YES;
				CLANG_ENABLE_OBJC_ARC = YES;
				CLANG_ENABLE_OBJC_WEAK = YES;
				CLANG_WARN_BLOCK_CAPTURE_AUTORELEASING = YES;
				CLANG_WARN_BOOL_CONVERSION = YES;
				CLANG_WARN_COMMA = YES;
				CLANG_WARN_CONSTANT_CONVERSION = YES;
				CLANG_WARN_DEPRECATED_OBJC_IMPLEMENTATIONS = YES;
				CLANG_WARN_DIRECT_OBJC_ISA_USAGE = YES_ERROR;
				CLANG_WARN_DOCUMENTATION_COMMENTS = YES;
				CLANG_WARN_EMPTY_BODY = YES;
				CLANG_WARN_ENUM_CONVERSION = YES;
				CLANG_WARN_INFINITE_RECURSION = YES;
				CLANG_WARN_INT_CONVERSION = YES;
				CLANG_WARN_NON_LITERAL_NULL_CONVERSION = YES;
				CLANG_WARN_OBJC_IMPLICIT_RETAIN_SELF = YES;
				CLANG_WARN_OBJC_LITERAL_CONVERSION = YES;
				CLANG_WARN_OBJC_ROOT_CLASS = YES_ERROR;
				CLANG_WARN_QUOTED_INCLUDE_IN_FRAMEWORK_HEADER = YES;
				CLANG_WARN_RANGE_LOOP_ANALYSIS = YES;
				CLANG_WARN_STRICT_PROTOTYPES = YES;
				CLANG_WARN_SUSPICIOUS_MOVE = YES;
				CLANG_WARN_UNGUARDED_AVAILABILITY = YES_AGGRESSIVE;
				CLANG_WARN_UNREACHABLE_CODE = YES;
				CLANG_WARN__DUPLICATE_METHOD_MATCH = YES;
				COPY_PHASE_STRIP = NO;
				DEBUG_INFORMATION_FORMAT = dwarf;
				DEVELOPMENT_TEAM = 5N66S29EK2;
				ENABLE_STRICT_OBJC_MSGSEND = YES;
				ENABLE_TESTABILITY = YES;
				ENABLE_USER_SCRIPT_SANDBOXING = YES;
				GCC_C_LANGUAGE_STANDARD = gnu17;
				GCC_DYNAMIC_NO_PIC = NO;
				GCC_NO_COMMON_BLOCKS = YES;
				GCC_OPTIMIZATION_LEVEL = 0;
				GCC_PREPROCESSOR_DEFINITIONS = (
					"DEBUG=1",
					"$(inherited)",
				);
				GCC_WARN_64_TO_32_BIT_CONVERSION = YES;
				GCC_WARN_ABOUT_RETURN_TYPE = YES_ERROR;
				GCC_WARN_UNDECLARED_SELECTOR = YES;
				GCC_WARN_UNINITIALIZED_AUTOS = YES_AGGRESSIVE;
				GCC_WARN_UNUSED_FUNCTION = YES;
				GCC_WARN_UNUSED_VARIABLE = YES;
				LOCALIZATION_PREFERS_STRING_CATALOGS = YES;
				MACOSX_DEPLOYMENT_TARGET = 26.5;
				MTL_ENABLE_DEBUG_INFO = INCLUDE_SOURCE;
				MTL_FAST_MATH = YES;
				ONLY_ACTIVE_ARCH = YES;
				SDKROOT = macosx;
				SWIFT_ACTIVE_COMPILATION_CONDITIONS = "DEBUG $(inherited)";
				SWIFT_OPTIMIZATION_LEVEL = "-Onone";
			};
			name = Debug;
		};
		93EC174D30269D38009617AB /* Release */ = {
			isa = XCBuildConfiguration;
			buildSettings = {
				ALWAYS_SEARCH_USER_PATHS = NO;
				ASSETCATALOG_COMPILER_GENERATE_SWIFT_ASSET_SYMBOL_EXTENSIONS = YES;
				CLANG_ANALYZER_NONNULL = YES;
				CLANG_ANALYZER_NUMBER_OBJECT_CONVERSION = YES_AGGRESSIVE;
				CLANG_CXX_LANGUAGE_STANDARD = "gnu++20";
				CLANG_ENABLE_MODULES = YES;
				CLANG_ENABLE_OBJC_ARC = YES;
				CLANG_ENABLE_OBJC_WEAK = YES;
				CLANG_WARN_BLOCK_CAPTURE_AUTORELEASING = YES;
				CLANG_WARN_BOOL_CONVERSION = YES;
				CLANG_WARN_COMMA = YES;
				CLANG_WARN_CONSTANT_CONVERSION = YES;
				CLANG_WARN_DEPRECATED_OBJC_IMPLEMENTATIONS = YES;
				CLANG_WARN_DIRECT_OBJC_ISA_USAGE = YES_ERROR;
				CLANG_WARN_DOCUMENTATION_COMMENTS = YES;
				CLANG_WARN_EMPTY_BODY = YES;
				CLANG_WARN_ENUM_CONVERSION = YES;
				CLANG_WARN_INFINITE_RECURSION = YES;
				CLANG_WARN_INT_CONVERSION = YES;
				CLANG_WARN_NON_LITERAL_NULL_CONVERSION = YES;
				CLANG_WARN_OBJC_IMPLICIT_RETAIN_SELF = YES;
				CLANG_WARN_OBJC_LITERAL_CONVERSION = YES;
				CLANG_WARN_OBJC_ROOT_CLASS = YES_ERROR;
				CLANG_WARN_QUOTED_INCLUDE_IN_FRAMEWORK_HEADER = YES;
				CLANG_WARN_RANGE_LOOP_ANALYSIS = YES;
				CLANG_WARN_STRICT_PROTOTYPES = YES;
				CLANG_WARN_SUSPICIOUS_MOVE = YES;
				CLANG_WARN_UNGUARDED_AVAILABILITY = YES_AGGRESSIVE;
				CLANG_WARN_UNREACHABLE_CODE = YES;
				CLANG_WARN__DUPLICATE_METHOD_MATCH = YES;
				COPY_PHASE_STRIP = NO;
				DEBUG_INFORMATION_FORMAT = "dwarf-with-dsym";
				DEVELOPMENT_TEAM = 5N66S29EK2;
				ENABLE_NS_ASSERTIONS = NO;
				ENABLE_STRICT_OBJC_MSGSEND = YES;
				ENABLE_USER_SCRIPT_SANDBOXING = YES;
				GCC_C_LANGUAGE_STANDARD = gnu17;
				GCC_NO_COMMON_BLOCKS = YES;
				GCC_WARN_64_TO_32_BIT_CONVERSION = YES;
				GCC_WARN_ABOUT_RETURN_TYPE = YES_ERROR;
				GCC_WARN_UNDECLARED_SELECTOR = YES;
				GCC_WARN_UNINITIALIZED_AUTOS = YES_AGGRESSIVE;
				GCC_WARN_UNUSED_FUNCTION = YES;
				GCC_WARN_UNUSED_VARIABLE = YES;
				LOCALIZATION_PREFERS_STRING_CATALOGS = YES;
				MACOSX_DEPLOYMENT_TARGET = 26.5;
				MTL_ENABLE_DEBUG_INFO = NO;
				MTL_FAST_MATH = YES;
				SDKROOT = macosx;
				SWIFT_COMPILATION_MODE = wholemodule;
			};
			name = Release;
		};
		93EC174F30269D38009617AB /* Debug */ = {
			isa = XCBuildConfiguration;
			buildSettings = {
				ASSETCATALOG_COMPILER_APPICON_NAME = AppIcon;
				ASSETCATALOG_COMPILER_GLOBAL_ACCENT_COLOR_NAME = AccentColor;
				CODE_SIGN_STYLE = Automatic;
				COMBINE_HIDPI_IMAGES = YES;
				CURRENT_PROJECT_VERSION = 1;
				DEVELOPMENT_TEAM = 5N66S29EK2;
				ENABLE_APP_SANDBOX = NO;
				ENABLE_HARDENED_RUNTIME = YES;
				ENABLE_PREVIEWS = YES;
				ENABLE_USER_SELECTED_FILES = readonly;
				GENERATE_INFOPLIST_FILE = NO;
				INFOPLIST_FILE = MyIME/Resources/Info.plist;
				INFOPLIST_KEY_NSHumanReadableCopyright = "";
				LD_RUNPATH_SEARCH_PATHS = (
					"$(inherited)",
					"@executable_path/../Frameworks",
				);
				MARKETING_VERSION = 1.0;
				PRODUCT_BUNDLE_IDENTIFIER = fudan.miniS.inputmethod.MyIME;
				PRODUCT_NAME = "$(TARGET_NAME)";
				REGISTER_APP_GROUPS = YES;
				STRING_CATALOG_GENERATE_SYMBOLS = YES;
				SWIFT_APPROACHABLE_CONCURRENCY = YES;
				SWIFT_DEFAULT_ACTOR_ISOLATION = MainActor;
				SWIFT_EMIT_LOC_STRINGS = YES;
				SWIFT_UPCOMING_FEATURE_MEMBER_IMPORT_VISIBILITY = YES;
				SWIFT_VERSION = 5.0;
			};
			name = Debug;
		};
		93EC175030269D38009617AB /* Release */ = {
			isa = XCBuildConfiguration;
			buildSettings = {
				ASSETCATALOG_COMPILER_APPICON_NAME = AppIcon;
				ASSETCATALOG_COMPILER_GLOBAL_ACCENT_COLOR_NAME = AccentColor;
				CODE_SIGN_STYLE = Automatic;
				COMBINE_HIDPI_IMAGES = YES;
				CURRENT_PROJECT_VERSION = 1;
				DEVELOPMENT_TEAM = 5N66S29EK2;
				ENABLE_APP_SANDBOX = NO;
				ENABLE_HARDENED_RUNTIME = YES;
				ENABLE_PREVIEWS = YES;
				ENABLE_USER_SELECTED_FILES = readonly;
				GENERATE_INFOPLIST_FILE = NO;
				INFOPLIST_FILE = MyIME/Resources/Info.plist;
				INFOPLIST_KEY_NSHumanReadableCopyright = "";
				LD_RUNPATH_SEARCH_PATHS = (
					"$(inherited)",
					"@executable_path/../Frameworks",
				);
				MARKETING_VERSION = 1.0;
				PRODUCT_BUNDLE_IDENTIFIER = fudan.miniS.inputmethod.MyIME;
				PRODUCT_NAME = "$(TARGET_NAME)";
				REGISTER_APP_GROUPS = YES;
				STRING_CATALOG_GENERATE_SYMBOLS = YES;
				SWIFT_APPROACHABLE_CONCURRENCY = YES;
				SWIFT_DEFAULT_ACTOR_ISOLATION = MainActor;
				SWIFT_EMIT_LOC_STRINGS = YES;
				SWIFT_UPCOMING_FEATURE_MEMBER_IMPORT_VISIBILITY = YES;
				SWIFT_VERSION = 5.0;
			};
			name = Release;
		};
		93EC175230269D38009617AB /* Debug */ = {
			isa = XCBuildConfiguration;
			buildSettings = {
				BUNDLE_LOADER = "$(TEST_HOST)";
				CODE_SIGN_STYLE = Automatic;
				CURRENT_PROJECT_VERSION = 1;
				DEVELOPMENT_TEAM = 5N66S29EK2;
				GENERATE_INFOPLIST_FILE = YES;
				MACOSX_DEPLOYMENT_TARGET = 26.5;
				MARKETING_VERSION = 1.0;
				PRODUCT_BUNDLE_IDENTIFIER = fudan.miniS.MyIMETests;
				PRODUCT_NAME = "$(TARGET_NAME)";
				STRING_CATALOG_GENERATE_SYMBOLS = NO;
				SWIFT_APPROACHABLE_CONCURRENCY = YES;
				SWIFT_EMIT_LOC_STRINGS = NO;
				SWIFT_UPCOMING_FEATURE_MEMBER_IMPORT_VISIBILITY = YES;
				SWIFT_VERSION = 5.0;
				TEST_HOST = "$(BUILT_PRODUCTS_DIR)/MyIME.app/$(BUNDLE_EXECUTABLE_FOLDER_PATH)/MyIME";
			};
			name = Debug;
		};
		93EC175330269D38009617AB /* Release */ = {
			isa = XCBuildConfiguration;
			buildSettings = {
				BUNDLE_LOADER = "$(TEST_HOST)";
				CODE_SIGN_STYLE = Automatic;
				CURRENT_PROJECT_VERSION = 1;
				DEVELOPMENT_TEAM = 5N66S29EK2;
				GENERATE_INFOPLIST_FILE = YES;
				MACOSX_DEPLOYMENT_TARGET = 26.5;
				MARKETING_VERSION = 1.0;
				PRODUCT_BUNDLE_IDENTIFIER = fudan.miniS.MyIMETests;
				PRODUCT_NAME = "$(TARGET_NAME)";
				STRING_CATALOG_GENERATE_SYMBOLS = NO;
				SWIFT_APPROACHABLE_CONCURRENCY = YES;
				SWIFT_EMIT_LOC_STRINGS = NO;
				SWIFT_UPCOMING_FEATURE_MEMBER_IMPORT_VISIBILITY = YES;
				SWIFT_VERSION = 5.0;
				TEST_HOST = "$(BUILT_PRODUCTS_DIR)/MyIME.app/$(BUNDLE_EXECUTABLE_FOLDER_PATH)/MyIME";
			};
			name = Release;
		};
		93EC175530269D38009617AB /* Debug */ = {
			isa = XCBuildConfiguration;
			buildSettings = {
				CODE_SIGN_STYLE = Automatic;
				CURRENT_PROJECT_VERSION = 1;
				DEVELOPMENT_TEAM = 5N66S29EK2;
				GENERATE_INFOPLIST_FILE = YES;
				MARKETING_VERSION = 1.0;
				PRODUCT_BUNDLE_IDENTIFIER = fudan.miniS.MyIMEUITests;
				PRODUCT_NAME = "$(TARGET_NAME)";
				STRING_CATALOG_GENERATE_SYMBOLS = NO;
				SWIFT_APPROACHABLE_CONCURRENCY = YES;
				SWIFT_EMIT_LOC_STRINGS = NO;
				SWIFT_UPCOMING_FEATURE_MEMBER_IMPORT_VISIBILITY = YES;
				SWIFT_VERSION = 5.0;
				TEST_TARGET_NAME = MyIME;
			};
			name = Debug;
		};
		93EC175630269D38009617AB /* Release */ = {
			isa = XCBuildConfiguration;
			buildSettings = {
				CODE_SIGN_STYLE = Automatic;
				CURRENT_PROJECT_VERSION = 1;
				DEVELOPMENT_TEAM = 5N66S29EK2;
				GENERATE_INFOPLIST_FILE = YES;
				MARKETING_VERSION = 1.0;
				PRODUCT_BUNDLE_IDENTIFIER = fudan.miniS.MyIMEUITests;
				PRODUCT_NAME = "$(TARGET_NAME)";
				STRING_CATALOG_GENERATE_SYMBOLS = NO;
				SWIFT_APPROACHABLE_CONCURRENCY = YES;
				SWIFT_EMIT_LOC_STRINGS = NO;
				SWIFT_UPCOMING_FEATURE_MEMBER_IMPORT_VISIBILITY = YES;
				SWIFT_VERSION = 5.0;
				TEST_TARGET_NAME = MyIME;
			};
			name = Release;
		};
/* End XCBuildConfiguration section */

/* Begin XCConfigurationList section */
		93EC172630269D37009617AB /* Build configuration list for PBXProject "MyIME" */ = {
			isa = XCConfigurationList;
			buildConfigurations = (
				93EC174C30269D38009617AB /* Debug */,
				93EC174D30269D38009617AB /* Release */,
			);
			defaultConfigurationIsVisible = 0;
			defaultConfigurationName = Release;
		};
		93EC174E30269D38009617AB /* Build configuration list for PBXNativeTarget "MyIME" */ = {
			isa = XCConfigurationList;
			buildConfigurations = (
				93EC174F30269D38009617AB /* Debug */,
				93EC175030269D38009617AB /* Release */,
			);
			defaultConfigurationIsVisible = 0;
			defaultConfigurationName = Release;
		};
		93EC175130269D38009617AB /* Build configuration list for PBXNativeTarget "MyIMETests" */ = {
			isa = XCConfigurationList;
			buildConfigurations = (
				93EC175230269D38009617AB /* Debug */,
				93EC175330269D38009617AB /* Release */,
			);
			defaultConfigurationIsVisible = 0;
			defaultConfigurationName = Release;
		};
		93EC175430269D38009617AB /* Build configuration list for PBXNativeTarget "MyIMEUITests" */ = {
			isa = XCConfigurationList;
			buildConfigurations = (
				93EC175530269D38009617AB /* Debug */,
				93EC175630269D38009617AB /* Release */,
			);
			defaultConfigurationIsVisible = 0;
			defaultConfigurationName = Release;
		};
/* End XCConfigurationList section */

/* Begin XCLocalSwiftPackageReference section */
		A10000030000000000000001 /* XCLocalSwiftPackageReference "IMEKit" */ = {
			isa = XCLocalSwiftPackageReference;
			relativePath = IMEKit;
		};
/* End XCLocalSwiftPackageReference section */

/* Begin XCSwiftPackageProductDependency section */
		A10000040000000000000001 /* IMEKit */ = {
			isa = XCSwiftPackageProductDependency;
			package = A10000030000000000000001 /* XCLocalSwiftPackageReference "IMEKit" */;
			productName = IMEKit;
		};
/* End XCSwiftPackageProductDependency section */
	};
	rootObject = 93EC172330269D37009617AB /* Project object */;
}
